
Microsoft Visual Studio Solution File, Format Version 12.00
# Visual Studio Version 16
VisualStudioVersion = 16.0.29201.188
MinimumVisualStudioVersion = 10.0.40219.1
Project("{FAE04EC0-301F-11D3-BF4B-00C04F79EFBC}") = "DaySo", "DaySo\DaySo.csproj", "{6C84E6B8-4C09-4974-A8FD-0446822EF874}"
EndProject
Global
	GlobalSection(SolutionConfigurationPlatforms) = preSolution
		Debug|Any CPU = Debug|Any CPU
		Release|Any CPU = Release|Any CPU
	EndGlobalSection
	GlobalSection(ProjectConfigurationPlatforms) = postSolution
		{6C84E6B8-4C09-4974-A8FD-0446822EF874}.Debug|Any CPU.ActiveCfg = Debug|Any CPU
		{6C84E6B8-4C09-4974-A8FD-0446822EF874}.Debug|Any CPU.Build.0 = Debug|Any CPU
		{6C84E6B8-4C09-4974-A8FD-0446822EF874}.Release|Any CPU.ActiveCfg = Release|Any CPU
		{6C84E6B8-4C09-4974-A8FD-0446822EF874}.Release|Any CPU.Build.0 = Release|Any CPU
	EndGlobalSection
	GlobalSection(SolutionProperties) = preSolution
		HideSolutionNode = FALSE
	EndGlobalSection
	GlobalSection(ExtensibilityGlobals) = postSolution
		SolutionGuid = {8045F5AE-80AD-4ADB-A7F0-69D49E0AA8A3}
	EndGlobalSection
EndGlobal
